
Microsoft Visual Studio Solution File, Format Version 12.00
# Visual Studio 2013
VisualStudioVersion = 12.0.40629.0
MinimumVisualStudioVersion = 10.0.40219.1
Project("{8BC9CEB8-8B4A-11D0-8D11-00A0C91BC942}") = "InformationManagementSystem", "InformationManagementSystem.vcxproj", "{838709BB-76FD-45D3-9680-FA9CD5BAE18E}"
EndProject
Project("{8BC9CEB8-8B4A-11D0-8D11-00A0C91BC942}") = "ConsoleApplication1", "..\ConsoleApplication1\ConsoleApplication1.vcxproj", "{A8DC1B09-D3F1-498C-9136-175831AB4760}"
EndProject
Global
	GlobalSection(SolutionConfigurationPlatforms) = preSolution
		Debug|Win32 = Debug|Win32
		Release|Win32 = Release|Win32
	EndGlobalSection
	GlobalSection(ProjectConfigurationPlatforms) = postSolution
		{838709BB-76FD-45D3-9680-FA9CD5BAE18E}.Debug|Win32.ActiveCfg = Debug|Win32
		{838709BB-76FD-45D3-9680-FA9CD5BAE18E}.Debug|Win32.Build.0 = Debug|Win32
		{838709BB-76FD-45D3-9680-FA9CD5BAE18E}.Release|Win32.ActiveCfg = Release|Win32
		{838709BB-76FD-45D3-9680-FA9CD5BAE18E}.Release|Win32.Build.0 = Release|Win32
		{A8DC1B09-D3F1-498C-9136-175831AB4760}.Debug|Win32.ActiveCfg = Debug|Win32
		{A8DC1B09-D3F1-498C-9136-175831AB4760}.Debug|Win32.Build.0 = Debug|Win32
		{A8DC1B09-D3F1-498C-9136-175831AB4760}.Release|Win32.ActiveCfg = Release|Win32
		{A8DC1B09-D3F1-498C-9136-175831AB4760}.Release|Win32.Build.0 = Release|Win32
	EndGlobalSection
	GlobalSection(SolutionProperties) = preSolution
		HideSolutionNode = FALSE
	EndGlobalSection
EndGlobal
